
Microsoft Visual Studio Solution File, Format Version 12.00
# Visual Studio Version 16
VisualStudioVersion = 16.0.31911.196
MinimumVisualStudioVersion = 10.0.40219.1
Project("{2150E333-8FDC-42A3-9474-1A3956D46DE8}") = "Web", "Web", "{C45ECF60-E810-42BA-BC61-D74428F24D3A}"
EndProject
Project("{2150E333-8FDC-42A3-9474-1A3956D46DE8}") = "Core", "Core", "{D8D80827-D0DE-4015-9882-3E63076B01F7}"
EndProject
Project("{2150E333-8FDC-42A3-9474-1A3956D46DE8}") = "Application", "Application", "{DBF08340-CF8F-4DF9-B520-72BD9A918F3B}"
EndProject
Project("{2150E333-8FDC-42A3-9474-1A3956D46DE8}") = "Auth", "Auth", "{D50AEF1F-C922-4816-900C-E65C9665936B}"
EndProject
Project("{2150E333-8FDC-42A3-9474-1A3956D46DE8}") = "Dependency", "Dependency", "{81BBD91B-35CF-44E7-8D86-46FDA681BFD4}"
EndProject
Project("{2150E333-8FDC-42A3-9474-1A3956D46DE8}") = "Infrastructure", "Infrastructure", "{AD2BA0D9-E0ED-408E-AF08-5634DF6116D5}"
EndProject
Project("{2150E333-8FDC-42A3-9474-1A3956D46DE8}") = "Test", "Test", "{BB5F87F2-D948-4800-99DB-FB8D356C89BA}"
EndProject
Project("{2150E333-8FDC-42A3-9474-1A3956D46DE8}") = "Business", "Business", "{4587B315-38B5-401D-9617-95F281BA82F4}"
EndProject
Project("{2150E333-8FDC-42A3-9474-1A3956D46DE8}") = "Mapper", "Mapper", "{228AB8C0-4743-41DD-90EA-A4DCF11B5D55}"
EndProject
Project("{2150E333-8FDC-42A3-9474-1A3956D46DE8}") = "Data", "Data", "{584AA435-69BC-4177-BE4A-E75E4E1824D3}"
EndProject
Project("{2150E333-8FDC-42A3-9474-1A3956D46DE8}") = "Repository", "Repository", "{98B2D97F-7A4B-4731-9576-0B4ADD748C35}"
EndProject
Project("{2150E333-8FDC-42A3-9474-1A3956D46DE8}") = "Service", "Service", "{BCEC2D10-204F-4529-81EA-93B7455A296F}"
EndProject
Project("{2150E333-8FDC-42A3-9474-1A3956D46DE8}") = "MDb", "MDb", "{9D168EF0-E76E-480F-AC6C-968FC4D1A666}"
EndProject
Project("{9A19103F-16F7-4668-BE54-9A1E7A4F7556}") = "Pc.Dependency", "Pc.Dependency\Pc.Dependency.csproj", "{2F8CD34E-8B52-42E6-A369-245D1B2731E1}"
EndProject
Project("{9A19103F-16F7-4668-BE54-9A1E7A4F7556}") = "Pc.Business", "Pc.Business\Pc.Business.csproj", "{C9126030-841E-40CA-9553-8AB5FA45CD72}"
EndProject
Project("{9A19103F-16F7-4668-BE54-9A1E7A4F7556}") = "Pc.Business.Interfaces", "Pc.Business.Interfaces\Pc.Business.Interfaces.csproj", "{20768E73-45B6-4F77-A027-59F64EFD6923}"
EndProject
Project("{9A19103F-16F7-4668-BE54-9A1E7A4F7556}") = "Pc.Auth", "Pc.Auth\Pc.Auth.csproj", "{BFAA7A18-F440-487B-AFB0-54EFBE51CDC5}"
EndProject
Project("{9A19103F-16F7-4668-BE54-9A1E7A4F7556}") = "Pc.Auth.Interfaces", "Pc.Auth.Interfaces\Pc.Auth.Interfaces.csproj", "{796CFD90-2626-4A96-BB7C-24508D6258B6}"
EndProject
Project("{9A19103F-16F7-4668-BE54-9A1E7A4F7556}") = "Pc.Core", "Pc.Core\Pc.Core.csproj", "{91FF01A0-AC72-473B-810F-5BF6163CC833}"
EndProject
Project("{9A19103F-16F7-4668-BE54-9A1E7A4F7556}") = "Pc.MDb.Connection", "Pc.MDb.Connection\Pc.MDb.Connection.csproj", "{2F7C4B2D-3F4C-40FE-B2CB-1883F8AC91EF}"
EndProject
Project("{9A19103F-16F7-4668-BE54-9A1E7A4F7556}") = "Pc.MDb.Connection.Interfaces", "Pc.MDb.Connection.Interfaces\Pc.MDb.Connection.Interfaces.csproj", "{48E48FFF-842B-432A-9B77-0E1A3C67C1B0}"
EndProject
Project("{9A19103F-16F7-4668-BE54-9A1E7A4F7556}") = "Pc.Web.Clientt", "Pc.Web.Clientt\Pc.Web.Clientt.csproj", "{C6C331CC-4353-4F80-AF52-D1D98C677DB9}"
EndProject
Project("{9A19103F-16F7-4668-BE54-9A1E7A4F7556}") = "Pc.Repository.Implementation", "Pc.Repository.Implementation\Pc.Repository.Implementation.csproj", "{E6453743-3674-4A8C-AA2C-C7FA6A71E913}"
EndProject
Project("{9A19103F-16F7-4668-BE54-9A1E7A4F7556}") = "Pc.Repository.Interface", "Pc.Repository.Interface\Pc.Repository.Interface.csproj", "{D03C8A6A-EA0E-4786-AAED-D657DE056F10}"
EndProject
Project("{FAE04EC0-301F-11D3-BF4B-00C04F79EFBC}") = "Pc.Web.Adminn", "Pc.Web.Adminn\Pc.Web.Adminn.csproj", "{2B78CDCF-3E30-484F-B6A4-18A45142EA68}"
EndProject
Global
	GlobalSection(SolutionConfigurationPlatforms) = preSolution
		Debug|Any CPU = Debug|Any CPU
		Release|Any CPU = Release|Any CPU
	EndGlobalSection
	GlobalSection(ProjectConfigurationPlatforms) = postSolution
		{2F8CD34E-8B52-42E6-A369-245D1B2731E1}.Debug|Any CPU.ActiveCfg = Debug|Any CPU
		{2F8CD34E-8B52-42E6-A369-245D1B2731E1}.Debug|Any CPU.Build.0 = Debug|Any CPU
		{2F8CD34E-8B52-42E6-A369-245D1B2731E1}.Release|Any CPU.ActiveCfg = Release|Any CPU
		{2F8CD34E-8B52-42E6-A369-245D1B2731E1}.Release|Any CPU.Build.0 = Release|Any CPU
		{C9126030-841E-40CA-9553-8AB5FA45CD72}.Debug|Any CPU.ActiveCfg = Debug|Any CPU
		{C9126030-841E-40CA-9553-8AB5FA45CD72}.Debug|Any CPU.Build.0 = Debug|Any CPU
		{C9126030-841E-40CA-9553-8AB5FA45CD72}.Release|Any CPU.ActiveCfg = Release|Any CPU
		{C9126030-841E-40CA-9553-8AB5FA45CD72}.Release|Any CPU.Build.0 = Release|Any CPU
		{20768E73-45B6-4F77-A027-59F64EFD6923}.Debug|Any CPU.ActiveCfg = Debug|Any CPU
		{20768E73-45B6-4F77-A027-59F64EFD6923}.Debug|Any CPU.Build.0 = Debug|Any CPU
		{20768E73-45B6-4F77-A027-59F64EFD6923}.Release|Any CPU.ActiveCfg = Release|Any CPU
		{20768E73-45B6-4F77-A027-59F64EFD6923}.Release|Any CPU.Build.0 = Release|Any CPU
		{BFAA7A18-F440-487B-AFB0-54EFBE51CDC5}.Debug|Any CPU.ActiveCfg = Debug|Any CPU
		{BFAA7A18-F440-487B-AFB0-54EFBE51CDC5}.Debug|Any CPU.Build.0 = Debug|Any CPU
		{BFAA7A18-F440-487B-AFB0-54EFBE51CDC5}.Release|Any CPU.ActiveCfg = Release|Any CPU
		{BFAA7A18-F440-487B-AFB0-54EFBE51CDC5}.Release|Any CPU.Build.0 = Release|Any CPU
		{796CFD90-2626-4A96-BB7C-24508D6258B6}.Debug|Any CPU.ActiveCfg = Debug|Any CPU
		{796CFD90-2626-4A96-BB7C-24508D6258B6}.Debug|Any CPU.Build.0 = Debug|Any CPU
		{796CFD90-2626-4A96-BB7C-24508D6258B6}.Release|Any CPU.ActiveCfg = Release|Any CPU
		{796CFD90-2626-4A96-BB7C-24508D6258B6}.Release|Any CPU.Build.0 = Release|Any CPU
		{91FF01A0-AC72-473B-810F-5BF6163CC833}.Debug|Any CPU.ActiveCfg = Debug|Any CPU
		{91FF01A0-AC72-473B-810F-5BF6163CC833}.Debug|Any CPU.Build.0 = Debug|Any CPU
		{91FF01A0-AC72-473B-810F-5BF6163CC833}.Release|Any CPU.ActiveCfg = Release|Any CPU
		{91FF01A0-AC72-473B-810F-5BF6163CC833}.Release|Any CPU.Build.0 = Release|Any CPU
		{2F7C4B2D-3F4C-40FE-B2CB-1883F8AC91EF}.Debug|Any CPU.ActiveCfg = Debug|Any CPU
		{2F7C4B2D-3F4C-40FE-B2CB-1883F8AC91EF}.Debug|Any CPU.Build.0 = Debug|Any CPU
		{2F7C4B2D-3F4C-40FE-B2CB-1883F8AC91EF}.Release|Any CPU.ActiveCfg = Release|Any CPU
		{2F7C4B2D-3F4C-40FE-B2CB-1883F8AC91EF}.Release|Any CPU.Build.0 = Release|Any CPU
		{48E48FFF-842B-432A-9B77-0E1A3C67C1B0}.Debug|Any CPU.ActiveCfg = Debug|Any CPU
		{48E48FFF-842B-432A-9B77-0E1A3C67C1B0}.Debug|Any CPU.Build.0 = Debug|Any CPU
		{48E48FFF-842B-432A-9B77-0E1A3C67C1B0}.Release|Any CPU.ActiveCfg = Release|Any CPU
		{48E48FFF-842B-432A-9B77-0E1A3C67C1B0}.Release|Any CPU.Build.0 = Release|Any CPU
		{C6C331CC-4353-4F80-AF52-D1D98C677DB9}.Debug|Any CPU.ActiveCfg = Debug|Any CPU
		{C6C331CC-4353-4F80-AF52-D1D98C677DB9}.Debug|Any CPU.Build.0 = Debug|Any CPU
		{C6C331CC-4353-4F80-AF52-D1D98C677DB9}.Release|Any CPU.ActiveCfg = Release|Any CPU
		{C6C331CC-4353-4F80-AF52-D1D98C677DB9}.Release|Any CPU.Build.0 = Release|Any CPU
		{E6453743-3674-4A8C-AA2C-C7FA6A71E913}.Debug|Any CPU.ActiveCfg = Debug|Any CPU
		{E6453743-3674-4A8C-AA2C-C7FA6A71E913}.Debug|Any CPU.Build.0 = Debug|Any CPU
		{E6453743-3674-4A8C-AA2C-C7FA6A71E913}.Release|Any CPU.ActiveCfg = Release|Any CPU
		{E6453743-3674-4A8C-AA2C-C7FA6A71E913}.Release|Any CPU.Build.0 = Release|Any CPU
		{D03C8A6A-EA0E-4786-AAED-D657DE056F10}.Debug|Any CPU.ActiveCfg = Debug|Any CPU
		{D03C8A6A-EA0E-4786-AAED-D657DE056F10}.Debug|Any CPU.Build.0 = Debug|Any CPU
		{D03C8A6A-EA0E-4786-AAED-D657DE056F10}.Release|Any CPU.ActiveCfg = Release|Any CPU
		{D03C8A6A-EA0E-4786-AAED-D657DE056F10}.Release|Any CPU.Build.0 = Release|Any CPU
		{2B78CDCF-3E30-484F-B6A4-18A45142EA68}.Debug|Any CPU.ActiveCfg = Debug|Any CPU
		{2B78CDCF-3E30-484F-B6A4-18A45142EA68}.Debug|Any CPU.Build.0 = Debug|Any CPU
		{2B78CDCF-3E30-484F-B6A4-18A45142EA68}.Release|Any CPU.ActiveCfg = Release|Any CPU
		{2B78CDCF-3E30-484F-B6A4-18A45142EA68}.Release|Any CPU.Build.0 = Release|Any CPU
	EndGlobalSection
	GlobalSection(SolutionProperties) = preSolution
		HideSolutionNode = FALSE
	EndGlobalSection
	GlobalSection(NestedProjects) = preSolution
		{4587B315-38B5-401D-9617-95F281BA82F4} = {DBF08340-CF8F-4DF9-B520-72BD9A918F3B}
		{228AB8C0-4743-41DD-90EA-A4DCF11B5D55} = {DBF08340-CF8F-4DF9-B520-72BD9A918F3B}
		{584AA435-69BC-4177-BE4A-E75E4E1824D3} = {AD2BA0D9-E0ED-408E-AF08-5634DF6116D5}
		{98B2D97F-7A4B-4731-9576-0B4ADD748C35} = {AD2BA0D9-E0ED-408E-AF08-5634DF6116D5}
		{BCEC2D10-204F-4529-81EA-93B7455A296F} = {AD2BA0D9-E0ED-408E-AF08-5634DF6116D5}
		{9D168EF0-E76E-480F-AC6C-968FC4D1A666} = {584AA435-69BC-4177-BE4A-E75E4E1824D3}
		{2F8CD34E-8B52-42E6-A369-245D1B2731E1} = {81BBD91B-35CF-44E7-8D86-46FDA681BFD4}
		{C9126030-841E-40CA-9553-8AB5FA45CD72} = {4587B315-38B5-401D-9617-95F281BA82F4}
		{20768E73-45B6-4F77-A027-59F64EFD6923} = {4587B315-38B5-401D-9617-95F281BA82F4}
		{BFAA7A18-F440-487B-AFB0-54EFBE51CDC5} = {D50AEF1F-C922-4816-900C-E65C9665936B}
		{796CFD90-2626-4A96-BB7C-24508D6258B6} = {D50AEF1F-C922-4816-900C-E65C9665936B}
		{91FF01A0-AC72-473B-810F-5BF6163CC833} = {D8D80827-D0DE-4015-9882-3E63076B01F7}
		{2F7C4B2D-3F4C-40FE-B2CB-1883F8AC91EF} = {9D168EF0-E76E-480F-AC6C-968FC4D1A666}
		{48E48FFF-842B-432A-9B77-0E1A3C67C1B0} = {9D168EF0-E76E-480F-AC6C-968FC4D1A666}
		{C6C331CC-4353-4F80-AF52-D1D98C677DB9} = {C45ECF60-E810-42BA-BC61-D74428F24D3A}
		{E6453743-3674-4A8C-AA2C-C7FA6A71E913} = {98B2D97F-7A4B-4731-9576-0B4ADD748C35}
		{D03C8A6A-EA0E-4786-AAED-D657DE056F10} = {98B2D97F-7A4B-4731-9576-0B4ADD748C35}
		{2B78CDCF-3E30-484F-B6A4-18A45142EA68} = {C45ECF60-E810-42BA-BC61-D74428F24D3A}
	EndGlobalSection
	GlobalSection(ExtensibilityGlobals) = postSolution
		SolutionGuid = {9AFEDA2F-3B72-4310-BC47-2AFFDC79AEC0}
	EndGlobalSection
EndGlobal
